
Microsoft Visual Studio Solution File, Format Version 12.00
# Visual Studio Version 17
VisualStudioVersion = 17.12.35209.166
MinimumVisualStudioVersion = 10.0.40219.1
Project("{FAE04EC0-301F-11D3-BF4B-00C04F79EFBC}") = "PdfServer", "PdfServer.csproj", "{9F3A8654-C614-44FA-84AA-B459C92DA596}"
EndProject
Global
	GlobalSection(SolutionConfigurationPlatforms) = preSolution
		Debug|Any CPU = Debug|Any CPU
		Release|Any CPU = Release|Any CPU
	EndGlobalSection
	GlobalSection(ProjectConfigurationPlatforms) = postSolution
		{9F3A8654-C614-44FA-84AA-B459C92DA596}.Debug|Any CPU.ActiveCfg = Debug|Any CPU
		{9F3A8654-C614-44FA-84AA-B459C92DA596}.Debug|Any CPU.Build.0 = Debug|Any CPU
		{9F3A8654-C614-44FA-84AA-B459C92DA596}.Release|Any CPU.ActiveCfg = Release|Any CPU
		{9F3A8654-C614-44FA-84AA-B459C92DA596}.Release|Any CPU.Build.0 = Release|Any CPU
	EndGlobalSection
	GlobalSection(SolutionProperties) = preSolution
		HideSolutionNode = FALSE
	EndGlobalSection
	GlobalSection(ExtensibilityGlobals) = postSolution
		SolutionGuid = {AAA5D9F9-4AAF-4C02-9B15-54CE7C600CE8}
	EndGlobalSection
EndGlobal
